
Microsoft Visual Studio Solution File, Format Version 12.00
# Visual Studio Version 17
VisualStudioVersion = 17.9.34407.89
MinimumVisualStudioVersion = 10.0.40219.1
Project("{FAE04EC0-301F-11D3-BF4B-00C04F79EFBC}") = "Endpoint.Api", "Endpoint.Api.csproj", "{7030EDFD-83E8-48D0-BD56-49A4097B6D2C}"
EndProject
Project("{2150E333-8FDC-42A3-9474-1A3956D46DE8}") = "Src", "Src", "{F0DF3D81-C2F5-4E8C-A0FA-0D3E84AF832D}"
EndProject
Project("{2150E333-8FDC-42A3-9474-1A3956D46DE8}") = "Test", "Test", "{CF9F809C-06EA-4755-82EA-B52E7BEE6B08}"
EndProject
Project("{FAE04EC0-301F-11D3-BF4B-00C04F79EFBC}") = "EndPoint.Api.Test", "..\EndPoint.Api.Test\EndPoint.Api.Test.csproj", "{CBF8350E-BDB3-4234-8CC0-4130E8A9B557}"
EndProject
Project("{2150E333-8FDC-42A3-9474-1A3956D46DE8}") = "Endpoints", "Endpoints", "{D2F3298B-3068-4ECE-9505-69ECC265E889}"
EndProject
Project("{2150E333-8FDC-42A3-9474-1A3956D46DE8}") = "Domains", "Domains", "{6BD34C62-C66A-40D6-8E1D-A511BB1B8C72}"
EndProject
Project("{2150E333-8FDC-42A3-9474-1A3956D46DE8}") = "Infrastructure", "Infrastructure", "{0506D259-6213-4BEF-8B52-6E290E18A276}"
EndProject
Project("{2150E333-8FDC-42A3-9474-1A3956D46DE8}") = "Persistance", "Persistance", "{06820EA1-13CC-43B4-A966-B3AA442DB23B}"
EndProject
Project("{FAE04EC0-301F-11D3-BF4B-00C04F79EFBC}") = "Domain", "..\Domain\Domain.csproj", "{49784391-C999-4AD7-8CA7-D36386EA2FC2}"
EndProject
Project("{2150E333-8FDC-42A3-9474-1A3956D46DE8}") = "Application", "Application", "{751DE7E2-1329-4775-887A-D8A57E8B509C}"
EndProject
Project("{FAE04EC0-301F-11D3-BF4B-00C04F79EFBC}") = "Persistances", "..\Persistances\Persistances.csproj", "{ABC9F330-F965-4593-95DD-4D0C30567B1B}"
EndProject
Project("{FAE04EC0-301F-11D3-BF4B-00C04F79EFBC}") = "Application", "..\Application\Application.csproj", "{FDAA4B1F-9CD9-46D0-9852-6B97F6BB2849}"
EndProject
Project("{FAE04EC0-301F-11D3-BF4B-00C04F79EFBC}") = "Infrastructure", "..\Infrastructure\Infrastructure.csproj", "{C2D2EF10-72D4-4B1E-8CCC-DC73AFF0145A}"
EndProject
Project("{2150E333-8FDC-42A3-9474-1A3956D46DE8}") = "Application", "Application", "{1363E489-17B2-4C1D-83EC-33995A040D5C}"
EndProject
Project("{2150E333-8FDC-42A3-9474-1A3956D46DE8}") = "Domain", "Domain", "{97AE84CE-2A79-4AC6-80B1-9CD30EFC8255}"
EndProject
Project("{2150E333-8FDC-42A3-9474-1A3956D46DE8}") = "Endpoints", "Endpoints", "{7693EECE-70A4-4931-9916-CA3E03262286}"
EndProject
Project("{2150E333-8FDC-42A3-9474-1A3956D46DE8}") = "Infrastructure", "Infrastructure", "{6220393B-2651-48E7-8CBB-2C16971F9861}"
EndProject
Project("{2150E333-8FDC-42A3-9474-1A3956D46DE8}") = "Persistance", "Persistance", "{A9B004E8-F00D-4AB7-ACBC-5051075D3BC4}"
EndProject
Project("{FAE04EC0-301F-11D3-BF4B-00C04F79EFBC}") = "Domains.Test", "..\DomainsTest\Domains.Test.csproj", "{D764D107-C21E-4338-B4E1-19CE53F2A71A}"
EndProject
Project("{FAE04EC0-301F-11D3-BF4B-00C04F79EFBC}") = "ApplicationTest", "..\ApplicationTest\ApplicationTest.csproj", "{615D1244-898D-46A7-B0CC-70E420BC50D4}"
EndProject
Project("{FAE04EC0-301F-11D3-BF4B-00C04F79EFBC}") = "Infrastructure.Test", "..\Infrastructure.Test\Infrastructure.Test.csproj", "{46C831BD-55EE-4B23-9658-22B9E7CB441A}"
EndProject
Project("{FAE04EC0-301F-11D3-BF4B-00C04F79EFBC}") = "Persistance.Test", "..\Persistance.Test\Persistance.Test.csproj", "{DB671495-AAC2-4C61-9F57-B3D59FF8DD90}"
EndProject
Global
	GlobalSection(SolutionConfigurationPlatforms) = preSolution
		Debug|Any CPU = Debug|Any CPU
		Release|Any CPU = Release|Any CPU
	EndGlobalSection
	GlobalSection(ProjectConfigurationPlatforms) = postSolution
		{7030EDFD-83E8-48D0-BD56-49A4097B6D2C}.Debug|Any CPU.ActiveCfg = Debug|Any CPU
		{7030EDFD-83E8-48D0-BD56-49A4097B6D2C}.Debug|Any CPU.Build.0 = Debug|Any CPU
		{7030EDFD-83E8-48D0-BD56-49A4097B6D2C}.Release|Any CPU.ActiveCfg = Release|Any CPU
		{7030EDFD-83E8-48D0-BD56-49A4097B6D2C}.Release|Any CPU.Build.0 = Release|Any CPU
		{CBF8350E-BDB3-4234-8CC0-4130E8A9B557}.Debug|Any CPU.ActiveCfg = Debug|Any CPU
		{CBF8350E-BDB3-4234-8CC0-4130E8A9B557}.Debug|Any CPU.Build.0 = Debug|Any CPU
		{CBF8350E-BDB3-4234-8CC0-4130E8A9B557}.Release|Any CPU.ActiveCfg = Release|Any CPU
		{CBF8350E-BDB3-4234-8CC0-4130E8A9B557}.Release|Any CPU.Build.0 = Release|Any CPU
		{49784391-C999-4AD7-8CA7-D36386EA2FC2}.Debug|Any CPU.ActiveCfg = Debug|Any CPU
		{49784391-C999-4AD7-8CA7-D36386EA2FC2}.Debug|Any CPU.Build.0 = Debug|Any CPU
		{49784391-C999-4AD7-8CA7-D36386EA2FC2}.Release|Any CPU.ActiveCfg = Release|Any CPU
		{49784391-C999-4AD7-8CA7-D36386EA2FC2}.Release|Any CPU.Build.0 = Release|Any CPU
		{ABC9F330-F965-4593-95DD-4D0C30567B1B}.Debug|Any CPU.ActiveCfg = Debug|Any CPU
		{ABC9F330-F965-4593-95DD-4D0C30567B1B}.Debug|Any CPU.Build.0 = Debug|Any CPU
		{ABC9F330-F965-4593-95DD-4D0C30567B1B}.Release|Any CPU.ActiveCfg = Release|Any CPU
		{ABC9F330-F965-4593-95DD-4D0C30567B1B}.Release|Any CPU.Build.0 = Release|Any CPU
		{FDAA4B1F-9CD9-46D0-9852-6B97F6BB2849}.Debug|Any CPU.ActiveCfg = Debug|Any CPU
		{FDAA4B1F-9CD9-46D0-9852-6B97F6BB2849}.Debug|Any CPU.Build.0 = Debug|Any CPU
		{FDAA4B1F-9CD9-46D0-9852-6B97F6BB2849}.Release|Any CPU.ActiveCfg = Release|Any CPU
		{FDAA4B1F-9CD9-46D0-9852-6B97F6BB2849}.Release|Any CPU.Build.0 = Release|Any CPU
		{C2D2EF10-72D4-4B1E-8CCC-DC73AFF0145A}.Debug|Any CPU.ActiveCfg = Debug|Any CPU
		{C2D2EF10-72D4-4B1E-8CCC-DC73AFF0145A}.Debug|Any CPU.Build.0 = Debug|Any CPU
		{C2D2EF10-72D4-4B1E-8CCC-DC73AFF0145A}.Release|Any CPU.ActiveCfg = Release|Any CPU
		{C2D2EF10-72D4-4B1E-8CCC-DC73AFF0145A}.Release|Any CPU.Build.0 = Release|Any CPU
		{D764D107-C21E-4338-B4E1-19CE53F2A71A}.Debug|Any CPU.ActiveCfg = Debug|Any CPU
		{D764D107-C21E-4338-B4E1-19CE53F2A71A}.Debug|Any CPU.Build.0 = Debug|Any CPU
		{D764D107-C21E-4338-B4E1-19CE53F2A71A}.Release|Any CPU.ActiveCfg = Release|Any CPU
		{D764D107-C21E-4338-B4E1-19CE53F2A71A}.Release|Any CPU.Build.0 = Release|Any CPU
		{615D1244-898D-46A7-B0CC-70E420BC50D4}.Debug|Any CPU.ActiveCfg = Debug|Any CPU
		{615D1244-898D-46A7-B0CC-70E420BC50D4}.Debug|Any CPU.Build.0 = Debug|Any CPU
		{615D1244-898D-46A7-B0CC-70E420BC50D4}.Release|Any CPU.ActiveCfg = Release|Any CPU
		{615D1244-898D-46A7-B0CC-70E420BC50D4}.Release|Any CPU.Build.0 = Release|Any CPU
		{46C831BD-55EE-4B23-9658-22B9E7CB441A}.Debug|Any CPU.ActiveCfg = Debug|Any CPU
		{46C831BD-55EE-4B23-9658-22B9E7CB441A}.Debug|Any CPU.Build.0 = Debug|Any CPU
		{46C831BD-55EE-4B23-9658-22B9E7CB441A}.Release|Any CPU.ActiveCfg = Release|Any CPU
		{46C831BD-55EE-4B23-9658-22B9E7CB441A}.Release|Any CPU.Build.0 = Release|Any CPU
		{DB671495-AAC2-4C61-9F57-B3D59FF8DD90}.Debug|Any CPU.ActiveCfg = Debug|Any CPU
		{DB671495-AAC2-4C61-9F57-B3D59FF8DD90}.Debug|Any CPU.Build.0 = Debug|Any CPU
		{DB671495-AAC2-4C61-9F57-B3D59FF8DD90}.Release|Any CPU.ActiveCfg = Release|Any CPU
		{DB671495-AAC2-4C61-9F57-B3D59FF8DD90}.Release|Any CPU.Build.0 = Release|Any CPU
	EndGlobalSection
	GlobalSection(SolutionProperties) = preSolution
		HideSolutionNode = FALSE
	EndGlobalSection
	GlobalSection(NestedProjects) = preSolution
		{7030EDFD-83E8-48D0-BD56-49A4097B6D2C} = {D2F3298B-3068-4ECE-9505-69ECC265E889}
		{CBF8350E-BDB3-4234-8CC0-4130E8A9B557} = {7693EECE-70A4-4931-9916-CA3E03262286}
		{D2F3298B-3068-4ECE-9505-69ECC265E889} = {F0DF3D81-C2F5-4E8C-A0FA-0D3E84AF832D}
		{6BD34C62-C66A-40D6-8E1D-A511BB1B8C72} = {F0DF3D81-C2F5-4E8C-A0FA-0D3E84AF832D}
		{0506D259-6213-4BEF-8B52-6E290E18A276} = {F0DF3D81-C2F5-4E8C-A0FA-0D3E84AF832D}
		{06820EA1-13CC-43B4-A966-B3AA442DB23B} = {F0DF3D81-C2F5-4E8C-A0FA-0D3E84AF832D}
		{49784391-C999-4AD7-8CA7-D36386EA2FC2} = {6BD34C62-C66A-40D6-8E1D-A511BB1B8C72}
		{751DE7E2-1329-4775-887A-D8A57E8B509C} = {F0DF3D81-C2F5-4E8C-A0FA-0D3E84AF832D}
		{ABC9F330-F965-4593-95DD-4D0C30567B1B} = {06820EA1-13CC-43B4-A966-B3AA442DB23B}
		{FDAA4B1F-9CD9-46D0-9852-6B97F6BB2849} = {751DE7E2-1329-4775-887A-D8A57E8B509C}
		{C2D2EF10-72D4-4B1E-8CCC-DC73AFF0145A} = {0506D259-6213-4BEF-8B52-6E290E18A276}
		{1363E489-17B2-4C1D-83EC-33995A040D5C} = {CF9F809C-06EA-4755-82EA-B52E7BEE6B08}
		{97AE84CE-2A79-4AC6-80B1-9CD30EFC8255} = {CF9F809C-06EA-4755-82EA-B52E7BEE6B08}
		{7693EECE-70A4-4931-9916-CA3E03262286} = {CF9F809C-06EA-4755-82EA-B52E7BEE6B08}
		{6220393B-2651-48E7-8CBB-2C16971F9861} = {CF9F809C-06EA-4755-82EA-B52E7BEE6B08}
		{A9B004E8-F00D-4AB7-ACBC-5051075D3BC4} = {CF9F809C-06EA-4755-82EA-B52E7BEE6B08}
		{D764D107-C21E-4338-B4E1-19CE53F2A71A} = {97AE84CE-2A79-4AC6-80B1-9CD30EFC8255}
		{615D1244-898D-46A7-B0CC-70E420BC50D4} = {1363E489-17B2-4C1D-83EC-33995A040D5C}
		{46C831BD-55EE-4B23-9658-22B9E7CB441A} = {6220393B-2651-48E7-8CBB-2C16971F9861}
		{DB671495-AAC2-4C61-9F57-B3D59FF8DD90} = {A9B004E8-F00D-4AB7-ACBC-5051075D3BC4}
	EndGlobalSection
	GlobalSection(ExtensibilityGlobals) = postSolution
		SolutionGuid = {87FBEB2C-5A96-4E63-B778-D60AA9BCD9AD}
	EndGlobalSection
EndGlobal
